
Microsoft Visual Studio Solution File, Format Version 12.00
# Visual Studio Version 16
VisualStudioVersion = 16.0.29230.47
MinimumVisualStudioVersion = 10.0.40219.1
Project("{9A19103F-16F7-4668-BE54-9A1E7A4F7556}") = "Notes.API", "Notes.API\Notes.API.csproj", "{498B9275-3C3A-47A7-A8AB-90E246455571}"
EndProject
Project("{FAE04EC0-301F-11D3-BF4B-00C04F79EFBC}") = "Notes.Web", "Notes.Web\Notes.Web.csproj", "{A1DF8B78-092D-488B-892F-2FD4B2B9A5EC}"
EndProject
Global
	GlobalSection(SolutionConfigurationPlatforms) = preSolution
		Debug|Any CPU = Debug|Any CPU
		Release|Any CPU = Release|Any CPU
	EndGlobalSection
	GlobalSection(ProjectConfigurationPlatforms) = postSolution
		{498B9275-3C3A-47A7-A8AB-90E246455571}.Debug|Any CPU.ActiveCfg = Debug|Any CPU
		{498B9275-3C3A-47A7-A8AB-90E246455571}.Debug|Any CPU.Build.0 = Debug|Any CPU
		{498B9275-3C3A-47A7-A8AB-90E246455571}.Release|Any CPU.ActiveCfg = Release|Any CPU
		{498B9275-3C3A-47A7-A8AB-90E246455571}.Release|Any CPU.Build.0 = Release|Any CPU
		{A1DF8B78-092D-488B-892F-2FD4B2B9A5EC}.Debug|Any CPU.ActiveCfg = Debug|Any CPU
		{A1DF8B78-092D-488B-892F-2FD4B2B9A5EC}.Debug|Any CPU.Build.0 = Debug|Any CPU
		{A1DF8B78-092D-488B-892F-2FD4B2B9A5EC}.Release|Any CPU.ActiveCfg = Release|Any CPU
		{A1DF8B78-092D-488B-892F-2FD4B2B9A5EC}.Release|Any CPU.Build.0 = Release|Any CPU
	EndGlobalSection
	GlobalSection(SolutionProperties) = preSolution
		HideSolutionNode = FALSE
	EndGlobalSection
	GlobalSection(ExtensibilityGlobals) = postSolution
		SolutionGuid = {BFB5A178-BC62-434C-9D39-05ABF30CFC1C}
	EndGlobalSection
EndGlobal
