
Microsoft Visual Studio Solution File, Format Version 12.00
Project("{FAE04EC0-301F-11D3-BF4B-00C04F79EFBC}") = "Notes.Api", "Notes.Api\Notes.Api.csproj", "{36ACAAF1-C6ED-4265-999A-2407ACE4E81A}"
EndProject
Global
	GlobalSection(SolutionConfigurationPlatforms) = preSolution
		Debug|Any CPU = Debug|Any CPU
		Release|Any CPU = Release|Any CPU
	EndGlobalSection
	GlobalSection(ProjectConfigurationPlatforms) = postSolution
		{36ACAAF1-C6ED-4265-999A-2407ACE4E81A}.Debug|Any CPU.ActiveCfg = Debug|Any CPU
		{36ACAAF1-C6ED-4265-999A-2407ACE4E81A}.Debug|Any CPU.Build.0 = Debug|Any CPU
		{36ACAAF1-C6ED-4265-999A-2407ACE4E81A}.Release|Any CPU.ActiveCfg = Release|Any CPU
		{36ACAAF1-C6ED-4265-999A-2407ACE4E81A}.Release|Any CPU.Build.0 = Release|Any CPU
	EndGlobalSection
EndGlobal
